
Microsoft Visual Studio Solution File, Format Version 12.00
# Visual Studio 15
VisualStudioVersion = 15.0.28010.2041
MinimumVisualStudioVersion = 10.0.40219.1
Project("{FAE04EC0-301F-11D3-BF4B-00C04F79EFBC}") = "Examen 4-1. Santos Chávez Cesar Daniel", "Examen 4-1. Santos Chávez Cesar Daniel\Examen 4-1. Santos Chávez Cesar Daniel.csproj", "{93210788-AD5B-4004-9C7C-42B68454538E}"
EndProject
Global
	GlobalSection(SolutionConfigurationPlatforms) = preSolution
		Debug|Any CPU = Debug|Any CPU
		Release|Any CPU = Release|Any CPU
	EndGlobalSection
	GlobalSection(ProjectConfigurationPlatforms) = postSolution
		{93210788-AD5B-4004-9C7C-42B68454538E}.Debug|Any CPU.ActiveCfg = Debug|Any CPU
		{93210788-AD5B-4004-9C7C-42B68454538E}.Debug|Any CPU.Build.0 = Debug|Any CPU
		{93210788-AD5B-4004-9C7C-42B68454538E}.Release|Any CPU.ActiveCfg = Release|Any CPU
		{93210788-AD5B-4004-9C7C-42B68454538E}.Release|Any CPU.Build.0 = Release|Any CPU
	EndGlobalSection
	GlobalSection(SolutionProperties) = preSolution
		HideSolutionNode = FALSE
	EndGlobalSection
	GlobalSection(ExtensibilityGlobals) = postSolution
		SolutionGuid = {12E95F57-57C3-43D6-8FD2-40DEFD2126A8}
	EndGlobalSection
EndGlobal
